
Microsoft Visual Studio Solution File, Format Version 12.00
# Visual Studio Version 16
VisualStudioVersion = 16.0.31205.134
MinimumVisualStudioVersion = 10.0.40219.1
Project("{FAE04EC0-301F-11D3-BF4B-00C04F79EFBC}") = "AtvPolimorfismo", "AtvPolimorfismo\AtvPolimorfismo.csproj", "{F1BEC604-1B07-48C8-A1E3-2424CA1C11F8}"
EndProject
Global
	GlobalSection(SolutionConfigurationPlatforms) = preSolution
		Debug|Any CPU = Debug|Any CPU
		Release|Any CPU = Release|Any CPU
	EndGlobalSection
	GlobalSection(ProjectConfigurationPlatforms) = postSolution
		{F1BEC604-1B07-48C8-A1E3-2424CA1C11F8}.Debug|Any CPU.ActiveCfg = Debug|Any CPU
		{F1BEC604-1B07-48C8-A1E3-2424CA1C11F8}.Debug|Any CPU.Build.0 = Debug|Any CPU
		{F1BEC604-1B07-48C8-A1E3-2424CA1C11F8}.Release|Any CPU.ActiveCfg = Release|Any CPU
		{F1BEC604-1B07-48C8-A1E3-2424CA1C11F8}.Release|Any CPU.Build.0 = Release|Any CPU
	EndGlobalSection
	GlobalSection(SolutionProperties) = preSolution
		HideSolutionNode = FALSE
	EndGlobalSection
	GlobalSection(ExtensibilityGlobals) = postSolution
		SolutionGuid = {FDA06797-117F-4DF9-9DB4-E2E60467F012}
	EndGlobalSection
EndGlobal
